
Microsoft Visual Studio Solution File, Format Version 12.00
# Visual Studio Version 17
VisualStudioVersion = 17.12.35728.132
MinimumVisualStudioVersion = 10.0.40219.1
Project("{FAE04EC0-301F-11D3-BF4B-00C04F79EFBC}") = "InventoryAgent", "AI.Learning.Lab\InventoryAgent.csproj", "{0897A05F-89EE-47FD-819C-84C5E1C52FC9}"
EndProject
Project("{FAE04EC0-301F-11D3-BF4B-00C04F79EFBC}") = "RAGUsingSemanticeKernel", "RAGUsingSemanticeKernel\RAGUsingSemanticeKernel.csproj", "{FCD2DAD8-48A2-4C35-8F1F-AA32C70C5D9F}"
EndProject
Project("{FAE04EC0-301F-11D3-BF4B-00C04F79EFBC}") = "RAGAndPineConeVectorDataBase", "RAGAndPineConeVectorDataBase\RAGAndPineConeVectorDataBase.csproj", "{DBAE5F75-C6FD-4271-9D6E-AFD5503A9D13}"
EndProject
Project("{FAE04EC0-301F-11D3-BF4B-00C04F79EFBC}") = "OmniRAG.Core", "OmniRAG.Core\OmniRAG.Core.csproj", "{32412447-CEB4-4DB9-9DD1-646219ADDC31}"
EndProject
Project("{FAE04EC0-301F-11D3-BF4B-00C04F79EFBC}") = "OmniGuard.Compliance.Engine", "OmniGuard.Compliance.Engine\OmniGuard.Compliance.Engine.csproj", "{CA9B3F77-95AB-4FDE-B52C-5B05FE9B2C98}"
EndProject
Project("{FAE04EC0-301F-11D3-BF4B-00C04F79EFBC}") = "Omniguard.Ingestion", "Omniguard.Ingestion\Omniguard.Ingestion.csproj", "{C32B104A-9A2C-49E0-A389-AB55AEAF59C6}"
EndProject
Project("{FAE04EC0-301F-11D3-BF4B-00C04F79EFBC}") = "OmniGuard.RetrievalEngine", "OmniGuard.RetrievalEngine\OmniGuard.RetrievalEngine.csproj", "{835CB47C-F770-4F43-8C6C-6D4460419D2F}"
EndProject
Global
	GlobalSection(SolutionConfigurationPlatforms) = preSolution
		Debug|Any CPU = Debug|Any CPU
		Release|Any CPU = Release|Any CPU
	EndGlobalSection
	GlobalSection(ProjectConfigurationPlatforms) = postSolution
		{0897A05F-89EE-47FD-819C-84C5E1C52FC9}.Debug|Any CPU.ActiveCfg = Debug|Any CPU
		{0897A05F-89EE-47FD-819C-84C5E1C52FC9}.Debug|Any CPU.Build.0 = Debug|Any CPU
		{0897A05F-89EE-47FD-819C-84C5E1C52FC9}.Release|Any CPU.ActiveCfg = Release|Any CPU
		{0897A05F-89EE-47FD-819C-84C5E1C52FC9}.Release|Any CPU.Build.0 = Release|Any CPU
		{FCD2DAD8-48A2-4C35-8F1F-AA32C70C5D9F}.Debug|Any CPU.ActiveCfg = Debug|Any CPU
		{FCD2DAD8-48A2-4C35-8F1F-AA32C70C5D9F}.Debug|Any CPU.Build.0 = Debug|Any CPU
		{FCD2DAD8-48A2-4C35-8F1F-AA32C70C5D9F}.Release|Any CPU.ActiveCfg = Release|Any CPU
		{FCD2DAD8-48A2-4C35-8F1F-AA32C70C5D9F}.Release|Any CPU.Build.0 = Release|Any CPU
		{DBAE5F75-C6FD-4271-9D6E-AFD5503A9D13}.Debug|Any CPU.ActiveCfg = Debug|Any CPU
		{DBAE5F75-C6FD-4271-9D6E-AFD5503A9D13}.Debug|Any CPU.Build.0 = Debug|Any CPU
		{DBAE5F75-C6FD-4271-9D6E-AFD5503A9D13}.Release|Any CPU.ActiveCfg = Release|Any CPU
		{DBAE5F75-C6FD-4271-9D6E-AFD5503A9D13}.Release|Any CPU.Build.0 = Release|Any CPU
		{32412447-CEB4-4DB9-9DD1-646219ADDC31}.Debug|Any CPU.ActiveCfg = Debug|Any CPU
		{32412447-CEB4-4DB9-9DD1-646219ADDC31}.Debug|Any CPU.Build.0 = Debug|Any CPU
		{32412447-CEB4-4DB9-9DD1-646219ADDC31}.Release|Any CPU.ActiveCfg = Release|Any CPU
		{32412447-CEB4-4DB9-9DD1-646219ADDC31}.Release|Any CPU.Build.0 = Release|Any CPU
		{CA9B3F77-95AB-4FDE-B52C-5B05FE9B2C98}.Debug|Any CPU.ActiveCfg = Debug|Any CPU
		{CA9B3F77-95AB-4FDE-B52C-5B05FE9B2C98}.Debug|Any CPU.Build.0 = Debug|Any CPU
		{CA9B3F77-95AB-4FDE-B52C-5B05FE9B2C98}.Release|Any CPU.ActiveCfg = Release|Any CPU
		{CA9B3F77-95AB-4FDE-B52C-5B05FE9B2C98}.Release|Any CPU.Build.0 = Release|Any CPU
		{C32B104A-9A2C-49E0-A389-AB55AEAF59C6}.Debug|Any CPU.ActiveCfg = Debug|Any CPU
		{C32B104A-9A2C-49E0-A389-AB55AEAF59C6}.Debug|Any CPU.Build.0 = Debug|Any CPU
		{C32B104A-9A2C-49E0-A389-AB55AEAF59C6}.Release|Any CPU.ActiveCfg = Release|Any CPU
		{C32B104A-9A2C-49E0-A389-AB55AEAF59C6}.Release|Any CPU.Build.0 = Release|Any CPU
		{835CB47C-F770-4F43-8C6C-6D4460419D2F}.Debug|Any CPU.ActiveCfg = Debug|Any CPU
		{835CB47C-F770-4F43-8C6C-6D4460419D2F}.Debug|Any CPU.Build.0 = Debug|Any CPU
		{835CB47C-F770-4F43-8C6C-6D4460419D2F}.Release|Any CPU.ActiveCfg = Release|Any CPU
		{835CB47C-F770-4F43-8C6C-6D4460419D2F}.Release|Any CPU.Build.0 = Release|Any CPU
	EndGlobalSection
	GlobalSection(SolutionProperties) = preSolution
		HideSolutionNode = FALSE
	EndGlobalSection
	GlobalSection(ExtensibilityGlobals) = postSolution
		SolutionGuid = {9C93E356-0E10-4EB8-B380-CEBF4F8C606E}
	EndGlobalSection
EndGlobal
