
Microsoft Visual Studio Solution File, Format Version 12.00
# Visual Studio Version 17
VisualStudioVersion = 17.12.35728.132
MinimumVisualStudioVersion = 10.0.40219.1
Project("{FAE04EC0-301F-11D3-BF4B-00C04F79EFBC}") = "InventoryAgent", "AI.Learning.Lab\InventoryAgent.csproj", "{0897A05F-89EE-47FD-819C-84C5E1C52FC9}"
EndProject
Project("{FAE04EC0-301F-11D3-BF4B-00C04F79EFBC}") = "RAGUsingSemanticeKernel", "RAGUsingSemanticeKernel\RAGUsingSemanticeKernel.csproj", "{FCD2DAD8-48A2-4C35-8F1F-AA32C70C5D9F}"
EndProject
Global
	GlobalSection(SolutionConfigurationPlatforms) = preSolution
		Debug|Any CPU = Debug|Any CPU
		Release|Any CPU = Release|Any CPU
	EndGlobalSection
	GlobalSection(ProjectConfigurationPlatforms) = postSolution
		{0897A05F-89EE-47FD-819C-84C5E1C52FC9}.Debug|Any CPU.ActiveCfg = Debug|Any CPU
		{0897A05F-89EE-47FD-819C-84C5E1C52FC9}.Debug|Any CPU.Build.0 = Debug|Any CPU
		{0897A05F-89EE-47FD-819C-84C5E1C52FC9}.Release|Any CPU.ActiveCfg = Release|Any CPU
		{0897A05F-89EE-47FD-819C-84C5E1C52FC9}.Release|Any CPU.Build.0 = Release|Any CPU
		{FCD2DAD8-48A2-4C35-8F1F-AA32C70C5D9F}.Debug|Any CPU.ActiveCfg = Debug|Any CPU
		{FCD2DAD8-48A2-4C35-8F1F-AA32C70C5D9F}.Debug|Any CPU.Build.0 = Debug|Any CPU
		{FCD2DAD8-48A2-4C35-8F1F-AA32C70C5D9F}.Release|Any CPU.ActiveCfg = Release|Any CPU
		{FCD2DAD8-48A2-4C35-8F1F-AA32C70C5D9F}.Release|Any CPU.Build.0 = Release|Any CPU
	EndGlobalSection
	GlobalSection(SolutionProperties) = preSolution
		HideSolutionNode = FALSE
	EndGlobalSection
EndGlobal
